// !$*UTF8*$!
{
	archiveVersion = 1;
	classes = {
	};
	objectVersion = 42;
	objects = {

/* Begin PBXBuildFile section */
		B0490CFC149823C4004D57DD /* ControlBase.cpp in Sources */ = {isa = PBXBuildFile; fileRef = B0490C46149823C4004D57DD /* ControlBase.cpp */; };
		B0490CFD149823C4004D57DD /* FadableBase.cpp in Sources */ = {isa = PBXBuildFile; fileRef = B0490C4B149823C4004D57DD /* FadableBase.cpp */; };
		B0490CFE149823C4004D57DD /* MyButton.cpp in Sources */ = {isa = PBXBuildFile; fileRef = B0490C51149823C4004D57DD /* MyButton.cpp */; };
		B0490CFF149823C4004D57DD /* MyCameraManager.cpp in Sources */ = {isa = PBXBuildFile; fileRef = B0490C53149823C4004D57DD /* MyCameraManager.cpp */; };
		B0490D00149823C4004D57DD /* MyPanel.cpp in Sources */ = {isa = PBXBuildFile; fileRef = B0490C55149823C4004D57DD /* MyPanel.cpp */; };
		B0490D01149823C4004D57DD /* MyRadioButtons.cpp in Sources */ = {isa = PBXBuildFile; fileRef = B0490C57149823C4004D57DD /* MyRadioButtons.cpp */; };
		B0490D02149823C4004D57DD /* MyScroller.cpp in Sources */ = {isa = PBXBuildFile; fileRef = B0490C59149823C4004D57DD /* MyScroller.cpp */; };
		B0490D03149823C4004D57DD /* MyScrollList.cpp in Sources */ = {isa = PBXBuildFile; fileRef = B0490C5B149823C4004D57DD /* MyScrollList.cpp */; };
		B0490D04149823C4004D57DD /* MySlider.cpp in Sources */ = {isa = PBXBuildFile; fileRef = B0490C5D149823C4004D57DD /* MySlider.cpp */; };
		B0490D05149823C4004D57DD /* MySlider2d.cpp in Sources */ = {isa = PBXBuildFile; fileRef = B0490C5F149823C4004D57DD /* MySlider2d.cpp */; };
		B0490D06149823C4004D57DD /* MyToggle.cpp in Sources */ = {isa = PBXBuildFile; fileRef = B0490C61149823C4004D57DD /* MyToggle.cpp */; };
		B0490D07149823C4004D57DD /* MyVideoPlayer.cpp in Sources */ = {isa = PBXBuildFile; fileRef = B0490C63149823C4004D57DD /* MyVideoPlayer.cpp */; };
		B0490D08149823C4004D57DD /* MyVideoPlayerPlus.cpp in Sources */ = {isa = PBXBuildFile; fileRef = B0490C65149823C4004D57DD /* MyVideoPlayerPlus.cpp */; };
		B0490D09149823C4004D57DD /* MyGUI.cpp in Sources */ = {isa = PBXBuildFile; fileRef = B0490C67149823C4004D57DD /* MyGUI.cpp */; };
		B0490D0C149823C4004D57DD /* ofxMSAInteractiveObject.cpp in Sources */ = {isa = PBXBuildFile; fileRef = B0490C76149823C4004D57DD /* ofxMSAInteractiveObject.cpp */; };
		B0490D0E149823C4004D57DD /* libopencv_core.2.3.1.dylib in Frameworks */ = {isa = PBXBuildFile; fileRef = B0490C7C149823C4004D57DD /* libopencv_core.2.3.1.dylib */; };
		B0490D17149823C4004D57DD /* libopencv_video.2.3.1.dylib in Frameworks */ = {isa = PBXBuildFile; fileRef = B0490C85149823C4004D57DD /* libopencv_video.2.3.1.dylib */; };
		B0490D18149823C4004D57DD /* ofxCvColorImage.cpp in Sources */ = {isa = PBXBuildFile; fileRef = B0490CEB149823C4004D57DD /* ofxCvColorImage.cpp */; };
		B0490D19149823C4004D57DD /* ofxCvContourFinder.cpp in Sources */ = {isa = PBXBuildFile; fileRef = B0490CEE149823C4004D57DD /* ofxCvContourFinder.cpp */; };
		B0490D1A149823C4004D57DD /* ofxCvFloatImage.cpp in Sources */ = {isa = PBXBuildFile; fileRef = B0490CF0149823C4004D57DD /* ofxCvFloatImage.cpp */; };
		B0490D1B149823C4004D57DD /* ofxCvGrayscaleImage.cpp in Sources */ = {isa = PBXBuildFile; fileRef = B0490CF2149823C4004D57DD /* ofxCvGrayscaleImage.cpp */; };
		B0490D1C149823C4004D57DD /* ofxCvHaarFinder.cpp in Sources */ = {isa = PBXBuildFile; fileRef = B0490CF4149823C4004D57DD /* ofxCvHaarFinder.cpp */; };
		B0490D1D149823C4004D57DD /* ofxCvImage.cpp in Sources */ = {isa = PBXBuildFile; fileRef = B0490CF6149823C4004D57DD /* ofxCvImage.cpp */; };
		B0490D1E149823C4004D57DD /* ofxCvShortImage.cpp in Sources */ = {isa = PBXBuildFile; fileRef = B0490CF9149823C4004D57DD /* ofxCvShortImage.cpp */; };
		B0490D321498253E004D57DD /* tinyxml.cpp in Sources */ = {isa = PBXBuildFile; fileRef = B0490D2B1498253E004D57DD /* tinyxml.cpp */; };
		B0490D331498253E004D57DD /* tinyxmlerror.cpp in Sources */ = {isa = PBXBuildFile; fileRef = B0490D2D1498253E004D57DD /* tinyxmlerror.cpp */; };
		B0490D341498253E004D57DD /* tinyxmlparser.cpp in Sources */ = {isa = PBXBuildFile; fileRef = B0490D2E1498253E004D57DD /* tinyxmlparser.cpp */; };
		B0490D351498253E004D57DD /* ofxXmlSettings.cpp in Sources */ = {isa = PBXBuildFile; fileRef = B0490D301498253E004D57DD /* ofxXmlSettings.cpp */; };
		BBAB23CB13894F3D00AA2426 /* GLUT.framework in CopyFiles */ = {isa = PBXBuildFile; fileRef = BBAB23BE13894E4700AA2426 /* GLUT.framework */; };
		E4328149138ABC9F0047C5CB /* openFrameworksDebug.a in Frameworks */ = {isa = PBXBuildFile; fileRef = E4328148138ABC890047C5CB /* openFrameworksDebug.a */; };
		E45BE97B0E8CC7DD009D7055 /* AGL.framework in Frameworks */ = {isa = PBXBuildFile; fileRef = E45BE9710E8CC7DD009D7055 /* AGL.framework */; };
		E45BE97C0E8CC7DD009D7055 /* ApplicationServices.framework in Frameworks */ = {isa = PBXBuildFile; fileRef = E45BE9720E8CC7DD009D7055 /* ApplicationServices.framework */; };
		E45BE97D0E8CC7DD009D7055 /* AudioToolbox.framework in Frameworks */ = {isa = PBXBuildFile; fileRef = E45BE9730E8CC7DD009D7055 /* AudioToolbox.framework */; };
		E45BE97E0E8CC7DD009D7055 /* Carbon.framework in Frameworks */ = {isa = PBXBuildFile; fileRef = E45BE9740E8CC7DD009D7055 /* Carbon.framework */; };
		E45BE97F0E8CC7DD009D7055 /* CoreAudio.framework in Frameworks */ = {isa = PBXBuildFile; fileRef = E45BE9750E8CC7DD009D7055 /* CoreAudio.framework */; };
		E45BE9800E8CC7DD009D7055 /* CoreFoundation.framework in Frameworks */ = {isa = PBXBuildFile; fileRef = E45BE9760E8CC7DD009D7055 /* CoreFoundation.framework */; };
		E45BE9810E8CC7DD009D7055 /* CoreServices.framework in Frameworks */ = {isa = PBXBuildFile; fileRef = E45BE9770E8CC7DD009D7055 /* CoreServices.framework */; };
		E45BE9830E8CC7DD009D7055 /* OpenGL.framework in Frameworks */ = {isa = PBXBuildFile; fileRef = E45BE9790E8CC7DD009D7055 /* OpenGL.framework */; };
		E45BE9840E8CC7DD009D7055 /* QuickTime.framework in Frameworks */ = {isa = PBXBuildFile; fileRef = E45BE97A0E8CC7DD009D7055 /* QuickTime.framework */; };
		E4B69E200A3A1BDC003C02F2 /* main.cpp in Sources */ = {isa = PBXBuildFile; fileRef = E4B69E1D0A3A1BDC003C02F2 /* main.cpp */; };
		E4B69E210A3A1BDC003C02F2 /* testApp.cpp in Sources */ = {isa = PBXBuildFile; fileRef = E4B69E1E0A3A1BDC003C02F2 /* testApp.cpp */; };
		E4C2424710CC5A17004149E2 /* AppKit.framework in Frameworks */ = {isa = PBXBuildFile; fileRef = E4C2424410CC5A17004149E2 /* AppKit.framework */; };
		E4C2424810CC5A17004149E2 /* Cocoa.framework in Frameworks */ = {isa = PBXBuildFile; fileRef = E4C2424510CC5A17004149E2 /* Cocoa.framework */; };
		E4C2424910CC5A17004149E2 /* IOKit.framework in Frameworks */ = {isa = PBXBuildFile; fileRef = E4C2424610CC5A17004149E2 /* IOKit.framework */; };
		E4EB6799138ADC1D00A09F29 /* GLUT.framework in Frameworks */ = {isa = PBXBuildFile; fileRef = BBAB23BE13894E4700AA2426 /* GLUT.framework */; };
/* End PBXBuildFile section */

/* Begin PBXContainerItemProxy section */
		E4328147138ABC890047C5CB /* PBXContainerItemProxy */ = {
			isa = PBXContainerItemProxy;
			containerPortal = E4328143138ABC890047C5CB /* openFrameworksLib.xcodeproj */;
			proxyType = 2;
			remoteGlobalIDString = E4B27C1510CBEB8E00536013;
			remoteInfo = openFrameworks;
		};
		E4EEB9AB138B136A00A80321 /* PBXContainerItemProxy */ = {
			isa = PBXContainerItemProxy;
			containerPortal = E4328143138ABC890047C5CB /* openFrameworksLib.xcodeproj */;
			proxyType = 1;
			remoteGlobalIDString = E4B27C1410CBEB8E00536013;
			remoteInfo = openFrameworks;
		};
/* End PBXContainerItemProxy section */

/* Begin PBXCopyFilesBuildPhase section */
		E4C2427710CC5ABF004149E2 /* CopyFiles */ = {
			isa = PBXCopyFilesBuildPhase;
			buildActionMask = 2147483647;
			dstPath = "";
			dstSubfolderSpec = 10;
			files = (
				BBAB23CB13894F3D00AA2426 /* GLUT.framework in CopyFiles */,
			);
			runOnlyForDeploymentPostprocessing = 0;
		};
/* End PBXCopyFilesBuildPhase section */

/* Begin PBXFileReference section */
		B0490C46149823C4004D57DD /* ControlBase.cpp */ = {isa = PBXFileReference; fileEncoding = 4; lastKnownFileType = sourcecode.cpp.cpp; path = ControlBase.cpp; sourceTree = "<group>"; };
		B0490C47149823C4004D57DD /* ControlBase.h */ = {isa = PBXFileReference; fileEncoding = 4; lastKnownFileType = sourcecode.c.h; path = ControlBase.h; sourceTree = "<group>"; };
		B0490C48149823C4004D57DD /* ControlColorScheme.h */ = {isa = PBXFileReference; fileEncoding = 4; lastKnownFileType = sourcecode.c.h; path = ControlColorScheme.h; sourceTree = "<group>"; };
		B0490C49149823C4004D57DD /* ControlEvent.h */ = {isa = PBXFileReference; fileEncoding = 4; lastKnownFileType = sourcecode.c.h; path = ControlEvent.h; sourceTree = "<group>"; };
		B0490C4A149823C4004D57DD /* ControlIncludes.h */ = {isa = PBXFileReference; fileEncoding = 4; lastKnownFileType = sourcecode.c.h; path = ControlIncludes.h; sourceTree = "<group>"; };
		B0490C4B149823C4004D57DD /* FadableBase.cpp */ = {isa = PBXFileReference; fileEncoding = 4; lastKnownFileType = sourcecode.cpp.cpp; path = FadableBase.cpp; sourceTree = "<group>"; };
		B0490C4C149823C4004D57DD /* FadableBase.h */ = {isa = PBXFileReference; fileEncoding = 4; lastKnownFileType = sourcecode.c.h; path = FadableBase.h; sourceTree = "<group>"; };
		B0490C4D149823C4004D57DD /* FadableCam.h */ = {isa = PBXFileReference; fileEncoding = 4; lastKnownFileType = sourcecode.c.h; path = FadableCam.h; sourceTree = "<group>"; };
		B0490C4E149823C4004D57DD /* FadableCvGrayImage.h */ = {isa = PBXFileReference; fileEncoding = 4; lastKnownFileType = sourcecode.c.h; path = FadableCvGrayImage.h; sourceTree = "<group>"; };
		B0490C4F149823C4004D57DD /* FadableVideo.h */ = {isa = PBXFileReference; fileEncoding = 4; lastKnownFileType = sourcecode.c.h; path = FadableVideo.h; sourceTree = "<group>"; };
		B0490C50149823C4004D57DD /* FadeToBlack.h */ = {isa = PBXFileReference; fileEncoding = 4; lastKnownFileType = sourcecode.c.h; path = FadeToBlack.h; sourceTree = "<group>"; };
		B0490C51149823C4004D57DD /* MyButton.cpp */ = {isa = PBXFileReference; fileEncoding = 4; lastKnownFileType = sourcecode.cpp.cpp; path = MyButton.cpp; sourceTree = "<group>"; };
		B0490C52149823C4004D57DD /* MyButton.h */ = {isa = PBXFileReference; fileEncoding = 4; lastKnownFileType = sourcecode.c.h; path = MyButton.h; sourceTree = "<group>"; };
		B0490C53149823C4004D57DD /* MyCameraManager.cpp */ = {isa = PBXFileReference; fileEncoding = 4; lastKnownFileType = sourcecode.cpp.cpp; path = MyCameraManager.cpp; sourceTree = "<group>"; };
		B0490C54149823C4004D57DD /* MyCameraManager.h */ = {isa = PBXFileReference; fileEncoding = 4; lastKnownFileType = sourcecode.c.h; path = MyCameraManager.h; sourceTree = "<group>"; };
		B0490C55149823C4004D57DD /* MyPanel.cpp */ = {isa = PBXFileReference; fileEncoding = 4; lastKnownFileType = sourcecode.cpp.cpp; path = MyPanel.cpp; sourceTree = "<group>"; };
		B0490C56149823C4004D57DD /* MyPanel.h */ = {isa = PBXFileReference; fileEncoding = 4; lastKnownFileType = sourcecode.c.h; path = MyPanel.h; sourceTree = "<group>"; };
		B0490C57149823C4004D57DD /* MyRadioButtons.cpp */ = {isa = PBXFileReference; fileEncoding = 4; lastKnownFileType = sourcecode.cpp.cpp; path = MyRadioButtons.cpp; sourceTree = "<group>"; };
		B0490C58149823C4004D57DD /* MyRadioButtons.h */ = {isa = PBXFileReference; fileEncoding = 4; lastKnownFileType = sourcecode.c.h; path = MyRadioButtons.h; sourceTree = "<group>"; };
		B0490C59149823C4004D57DD /* MyScroller.cpp */ = {isa = PBXFileReference; fileEncoding = 4; lastKnownFileType = sourcecode.cpp.cpp; path = MyScroller.cpp; sourceTree = "<group>"; };
		B0490C5A149823C4004D57DD /* MyScroller.h */ = {isa = PBXFileReference; fileEncoding = 4; lastKnownFileType = sourcecode.c.h; path = MyScroller.h; sourceTree = "<group>"; };
		B0490C5B149823C4004D57DD /* MyScrollList.cpp */ = {isa = PBXFileReference; fileEncoding = 4; lastKnownFileType = sourcecode.cpp.cpp; path = MyScrollList.cpp; sourceTree = "<group>"; };
		B0490C5C149823C4004D57DD /* MyScrollList.h */ = {isa = PBXFileReference; fileEncoding = 4; lastKnownFileType = sourcecode.c.h; path = MyScrollList.h; sourceTree = "<group>"; };
		B0490C5D149823C4004D57DD /* MySlider.cpp */ = {isa = PBXFileReference; fileEncoding = 4; lastKnownFileType = sourcecode.cpp.cpp; path = MySlider.cpp; sourceTree = "<group>"; };
		B0490C5E149823C4004D57DD /* MySlider.h */ = {isa = PBXFileReference; fileEncoding = 4; lastKnownFileType = sourcecode.c.h; path = MySlider.h; sourceTree = "<group>"; };
		B0490C5F149823C4004D57DD /* MySlider2d.cpp */ = {isa = PBXFileReference; fileEncoding = 4; lastKnownFileType = sourcecode.cpp.cpp; path = MySlider2d.cpp; sourceTree = "<group>"; };
		B0490C60149823C4004D57DD /* MySlider2d.h */ = {isa = PBXFileReference; fileEncoding = 4; lastKnownFileType = sourcecode.c.h; path = MySlider2d.h; sourceTree = "<group>"; };
		B0490C61149823C4004D57DD /* MyToggle.cpp */ = {isa = PBXFileReference; fileEncoding = 4; lastKnownFileType = sourcecode.cpp.cpp; path = MyToggle.cpp; sourceTree = "<group>"; };
		B0490C62149823C4004D57DD /* MyToggle.h */ = {isa = PBXFileReference; fileEncoding = 4; lastKnownFileType = sourcecode.c.h; path = MyToggle.h; sourceTree = "<group>"; };
		B0490C63149823C4004D57DD /* MyVideoPlayer.cpp */ = {isa = PBXFileReference; fileEncoding = 4; lastKnownFileType = sourcecode.cpp.cpp; path = MyVideoPlayer.cpp; sourceTree = "<group>"; };
		B0490C64149823C4004D57DD /* MyVideoPlayer.h */ = {isa = PBXFileReference; fileEncoding = 4; lastKnownFileType = sourcecode.c.h; path = MyVideoPlayer.h; sourceTree = "<group>"; };
		B0490C65149823C4004D57DD /* MyVideoPlayerPlus.cpp */ = {isa = PBXFileReference; fileEncoding = 4; lastKnownFileType = sourcecode.cpp.cpp; path = MyVideoPlayerPlus.cpp; sourceTree = "<group>"; };
		B0490C66149823C4004D57DD /* MyVideoPlayerPlus.h */ = {isa = PBXFileReference; fileEncoding = 4; lastKnownFileType = sourcecode.c.h; path = MyVideoPlayerPlus.h; sourceTree = "<group>"; };
		B0490C67149823C4004D57DD /* MyGUI.cpp */ = {isa = PBXFileReference; fileEncoding = 4; lastKnownFileType = sourcecode.cpp.cpp; path = MyGUI.cpp; sourceTree = "<group>"; };
		B0490C68149823C4004D57DD /* MyGUI.h */ = {isa = PBXFileReference; fileEncoding = 4; lastKnownFileType = sourcecode.c.h; path = MyGUI.h; sourceTree = "<group>"; };
		B0490C76149823C4004D57DD /* ofxMSAInteractiveObject.cpp */ = {isa = PBXFileReference; fileEncoding = 4; lastKnownFileType = sourcecode.cpp.cpp; path = ofxMSAInteractiveObject.cpp; sourceTree = "<group>"; };
		B0490C77149823C4004D57DD /* ofxMSAInteractiveObject.h */ = {isa = PBXFileReference; fileEncoding = 4; lastKnownFileType = sourcecode.c.h; path = ofxMSAInteractiveObject.h; sourceTree = "<group>"; };
		B0490C79149823C4004D57DD /* install.xml */ = {isa = PBXFileReference; fileEncoding = 4; lastKnownFileType = text.xml; path = install.xml; sourceTree = "<group>"; };
		B0490C7C149823C4004D57DD /* libopencv_core.2.3.1.dylib */ = {isa = PBXFileReference; lastKnownFileType = "compiled.mach-o.dylib"; path = libopencv_core.2.3.1.dylib; sourceTree = "<group>"; };
		B0490C85149823C4004D57DD /* libopencv_video.2.3.1.dylib */ = {isa = PBXFileReference; lastKnownFileType = "compiled.mach-o.dylib"; path = libopencv_video.2.3.1.dylib; sourceTree = "<group>"; };
		B0490C87149823C4004D57DD /* cv.h */ = {isa = PBXFileReference; fileEncoding = 4; lastKnownFileType = sourcecode.c.h; path = cv.h; sourceTree = "<group>"; };
		B0490C88149823C4004D57DD /* cv.hpp */ = {isa = PBXFileReference; fileEncoding = 4; lastKnownFileType = sourcecode.cpp.h; path = cv.hpp; sourceTree = "<group>"; };
		B0490C89149823C4004D57DD /* cvaux.h */ = {isa = PBXFileReference; fileEncoding = 4; lastKnownFileType = sourcecode.c.h; path = cvaux.h; sourceTree = "<group>"; };
		B0490C8A149823C4004D57DD /* cvaux.hpp */ = {isa = PBXFileReference; fileEncoding = 4; lastKnownFileType = sourcecode.cpp.h; path = cvaux.hpp; sourceTree = "<group>"; };
		B0490C8B149823C4004D57DD /* cvwimage.h */ = {isa = PBXFileReference; fileEncoding = 4; lastKnownFileType = sourcecode.c.h; path = cvwimage.h; sourceTree = "<group>"; };
		B0490C8C149823C4004D57DD /* cxcore.h */ = {isa = PBXFileReference; fileEncoding = 4; lastKnownFileType = sourcecode.c.h; path = cxcore.h; sourceTree = "<group>"; };
		B0490C8D149823C4004D57DD /* cxcore.hpp */ = {isa = PBXFileReference; fileEncoding = 4; lastKnownFileType = sourcecode.cpp.h; path = cxcore.hpp; sourceTree = "<group>"; };
		B0490C8E149823C4004D57DD /* cxeigen.hpp */ = {isa = PBXFileReference; fileEncoding = 4; lastKnownFileType = sourcecode.cpp.h; path = cxeigen.hpp; sourceTree = "<group>"; };
		B0490C8F149823C4004D57DD /* cxmisc.h */ = {isa = PBXFileReference; fileEncoding = 4; lastKnownFileType = sourcecode.c.h; path = cxmisc.h; sourceTree = "<group>"; };
		B0490C90149823C4004D57DD /* highgui.h */ = {isa = PBXFileReference; fileEncoding = 4; lastKnownFileType = sourcecode.c.h; path = highgui.h; sourceTree = "<group>"; };
		B0490C91149823C4004D57DD /* ml.h */ = {isa = PBXFileReference; fileEncoding = 4; lastKnownFileType = sourcecode.c.h; path = ml.h; sourceTree = "<group>"; };
		B0490C94149823C4004D57DD /* calib3d.hpp */ = {isa = PBXFileReference; fileEncoding = 4; lastKnownFileType = sourcecode.cpp.h; path = calib3d.hpp; sourceTree = "<group>"; };
		B0490C96149823C4004D57DD /* contrib.hpp */ = {isa = PBXFileReference; fileEncoding = 4; lastKnownFileType = sourcecode.cpp.h; path = contrib.hpp; sourceTree = "<group>"; };
		B0490C97149823C4004D57DD /* retina.hpp */ = {isa = PBXFileReference; fileEncoding = 4; lastKnownFileType = sourcecode.cpp.h; path = retina.hpp; sourceTree = "<group>"; };
		B0490C99149823C4004D57DD /* core.hpp */ = {isa = PBXFileReference; fileEncoding = 4; lastKnownFileType = sourcecode.cpp.h; path = core.hpp; sourceTree = "<group>"; };
		B0490C9A149823C4004D57DD /* core_c.h */ = {isa = PBXFileReference; fileEncoding = 4; lastKnownFileType = sourcecode.c.h; path = core_c.h; sourceTree = "<group>"; };
		B0490C9B149823C4004D57DD /* eigen.hpp */ = {isa = PBXFileReference; fileEncoding = 4; lastKnownFileType = sourcecode.cpp.h; path = eigen.hpp; sourceTree = "<group>"; };
		B0490C9C149823C4004D57DD /* internal.hpp */ = {isa = PBXFileReference; fileEncoding = 4; lastKnownFileType = sourcecode.cpp.h; path = internal.hpp; sourceTree = "<group>"; };
		B0490C9D149823C4004D57DD /* mat.hpp */ = {isa = PBXFileReference; fileEncoding = 4; lastKnownFileType = sourcecode.cpp.h; path = mat.hpp; sourceTree = "<group>"; };
		B0490C9E149823C4004D57DD /* operations.hpp */ = {isa = PBXFileReference; fileEncoding = 4; lastKnownFileType = sourcecode.cpp.h; path = operations.hpp; sourceTree = "<group>"; };
		B0490C9F149823C4004D57DD /* types_c.h */ = {isa = PBXFileReference; fileEncoding = 4; lastKnownFileType = sourcecode.c.h; path = types_c.h; sourceTree = "<group>"; };
		B0490CA0149823C4004D57DD /* version.hpp */ = {isa = PBXFileReference; fileEncoding = 4; lastKnownFileType = sourcecode.cpp.h; path = version.hpp; sourceTree = "<group>"; };
		B0490CA1149823C4004D57DD /* wimage.hpp */ = {isa = PBXFileReference; fileEncoding = 4; lastKnownFileType = sourcecode.cpp.h; path = wimage.hpp; sourceTree = "<group>"; };
		B0490CA3149823C4004D57DD /* features2d.hpp */ = {isa = PBXFileReference; fileEncoding = 4; lastKnownFileType = sourcecode.cpp.h; path = features2d.hpp; sourceTree = "<group>"; };
		B0490CA5149823C4004D57DD /* all_indices.h */ = {isa = PBXFileReference; fileEncoding = 4; lastKnownFileType = sourcecode.c.h; path = all_indices.h; sourceTree = "<group>"; };
		B0490CA6149823C4004D57DD /* allocator.h */ = {isa = PBXFileReference; fileEncoding = 4; lastKnownFileType = sourcecode.c.h; path = allocator.h; sourceTree = "<group>"; };
		B0490CA7149823C4004D57DD /* any.h */ = {isa = PBXFileReference; fileEncoding = 4; lastKnownFileType = sourcecode.c.h; path = any.h; sourceTree = "<group>"; };
		B0490CA8149823C4004D57DD /* autotuned_index.h */ = {isa = PBXFileReference; fileEncoding = 4; lastKnownFileType = sourcecode.c.h; path = autotuned_index.h; sourceTree = "<group>"; };
		B0490CA9149823C4004D57DD /* composite_index.h */ = {isa = PBXFileReference; fileEncoding = 4; lastKnownFileType = sourcecode.c.h; path = composite_index.h; sourceTree = "<group>"; };
		B0490CAA149823C4004D57DD /* config.h */ = {isa = PBXFileReference; fileEncoding = 4; lastKnownFileType = sourcecode.c.h; path = config.h; sourceTree = "<group>"; };
		B0490CAB149823C4004D57DD /* defines.h */ = {isa = PBXFileReference; fileEncoding = 4; lastKnownFileType = sourcecode.c.h; path = defines.h; sourceTree = "<group>"; };
		B0490CAC149823C4004D57DD /* dist.h */ = {isa = PBXFileReference; fileEncoding = 4; lastKnownFileType = sourcecode.c.h; path = dist.h; sourceTree = "<group>"; };
		B0490CAD149823C4004D57DD /* dummy.h */ = {isa = PBXFileReference; fileEncoding = 4; lastKnownFileType = sourcecode.c.h; path = dummy.h; sourceTree = "<group>"; };
		B0490CAE149823C4004D57DD /* dynamic_bitset.h */ = {isa = PBXFileReference; fileEncoding = 4; lastKnownFileType = sourcecode.c.h; path = dynamic_bitset.h; sourceTree = "<group>"; };
		B0490CAF149823C4004D57DD /* flann.hpp */ = {isa = PBXFileReference; fileEncoding = 4; lastKnownFileType = sourcecode.cpp.h; path = flann.hpp; sourceTree = "<group>"; };
		B0490CB0149823C4004D57DD /* flann_base.hpp */ = {isa = PBXFileReference; fileEncoding = 4; lastKnownFileType = sourcecode.cpp.h; path = flann_base.hpp; sourceTree = "<group>"; };
		B0490CB1149823C4004D57DD /* general.h */ = {isa = PBXFileReference; fileEncoding = 4; lastKnownFileType = sourcecode.c.h; path = general.h; sourceTree = "<group>"; };
		B0490CB2149823C4004D57DD /* ground_truth.h */ = {isa = PBXFileReference; fileEncoding = 4; lastKnownFileType = sourcecode.c.h; path = ground_truth.h; sourceTree = "<group>"; };
		B0490CB3149823C4004D57DD /* hdf5.h */ = {isa = PBXFileReference; fileEncoding = 4; lastKnownFileType = sourcecode.c.h; path = hdf5.h; sourceTree = "<group>"; };
		B0490CB4149823C4004D57DD /* heap.h */ = {isa = PBXFileReference; fileEncoding = 4; lastKnownFileType = sourcecode.c.h; path = heap.h; sourceTree = "<group>"; };
		B0490CB5149823C4004D57DD /* hierarchical_clustering_index.h */ = {isa = PBXFileReference; fileEncoding = 4; lastKnownFileType = sourcecode.c.h; path = hierarchical_clustering_index.h; sourceTree = "<group>"; };
		B0490CB6149823C4004D57DD /* index_testing.h */ = {isa = PBXFileReference; fileEncoding = 4; lastKnownFileType = sourcecode.c.h; path = index_testing.h; sourceTree = "<group>"; };
		B0490CB7149823C4004D57DD /* kdtree_index.h */ = {isa = PBXFileReference; fileEncoding = 4; lastKnownFileType = sourcecode.c.h; path = kdtree_index.h; sourceTree = "<group>"; };
		B0490CB8149823C4004D57DD /* kdtree_single_index.h */ = {isa = PBXFileReference; fileEncoding = 4; lastKnownFileType = sourcecode.c.h; path = kdtree_single_index.h; sourceTree = "<group>"; };
		B0490CB9149823C4004D57DD /* kmeans_index.h */ = {isa = PBXFileReference; fileEncoding = 4; lastKnownFileType = sourcecode.c.h; path = kmeans_index.h; sourceTree = "<group>"; };
		B0490CBA149823C4004D57DD /* linear_index.h */ = {isa = PBXFileReference; fileEncoding = 4; lastKnownFileType = sourcecode.c.h; path = linear_index.h; sourceTree = "<group>"; };
		B0490CBB149823C4004D57DD /* logger.h */ = {isa = PBXFileReference; fileEncoding = 4; lastKnownFileType = sourcecode.c.h; path = logger.h; sourceTree = "<group>"; };
		B0490CBC149823C4004D57DD /* lsh_index.h */ = {isa = PBXFileReference; fileEncoding = 4; lastKnownFileType = sourcecode.c.h; path = lsh_index.h; sourceTree = "<group>"; };
		B0490CBD149823C4004D57DD /* lsh_table.h */ = {isa = PBXFileReference; fileEncoding = 4; lastKnownFileType = sourcecode.c.h; path = lsh_table.h; sourceTree = "<group>"; };
		B0490CBE149823C4004D57DD /* matrix.h */ = {isa = PBXFileReference; fileEncoding = 4; lastKnownFileType = sourcecode.c.h; path = matrix.h; sourceTree = "<group>"; };
		B0490CBF149823C4004D57DD /* miniflann.hpp */ = {isa = PBXFileReference; fileEncoding = 4; lastKnownFileType = sourcecode.cpp.h; path = miniflann.hpp; sourceTree = "<group>"; };
		B0490CC0149823C4004D57DD /* nn_index.h */ = {isa = PBXFileReference; fileEncoding = 4; lastKnownFileType = sourcecode.c.h; path = nn_index.h; sourceTree = "<group>"; };
		B0490CC1149823C4004D57DD /* object_factory.h */ = {isa = PBXFileReference; fileEncoding = 4; lastKnownFileType = sourcecode.c.h; path = object_factory.h; sourceTree = "<group>"; };
		B0490CC2149823C4004D57DD /* params.h */ = {isa = PBXFileReference; fileEncoding = 4; lastKnownFileType = sourcecode.c.h; path = params.h; sourceTree = "<group>"; };
		B0490CC3149823C4004D57DD /* random.h */ = {isa = PBXFileReference; fileEncoding = 4; lastKnownFileType = sourcecode.c.h; path = random.h; sourceTree = "<group>"; };
		B0490CC4149823C4004D57DD /* result_set.h */ = {isa = PBXFileReference; fileEncoding = 4; lastKnownFileType = sourcecode.c.h; path = result_set.h; sourceTree = "<group>"; };
		B0490CC5149823C4004D57DD /* sampling.h */ = {isa = PBXFileReference; fileEncoding = 4; lastKnownFileType = sourcecode.c.h; path = sampling.h; sourceTree = "<group>"; };
		B0490CC6149823C4004D57DD /* saving.h */ = {isa = PBXFileReference; fileEncoding = 4; lastKnownFileType = sourcecode.c.h; path = saving.h; sourceTree = "<group>"; };
		B0490CC7149823C4004D57DD /* simplex_downhill.h */ = {isa = PBXFileReference; fileEncoding = 4; lastKnownFileType = sourcecode.c.h; path = simplex_downhill.h; sourceTree = "<group>"; };
		B0490CC8149823C4004D57DD /* timer.h */ = {isa = PBXFileReference; fileEncoding = 4; lastKnownFileType = sourcecode.c.h; path = timer.h; sourceTree = "<group>"; };
		B0490CCA149823C4004D57DD /* devmem2d.hpp */ = {isa = PBXFileReference; fileEncoding = 4; lastKnownFileType = sourcecode.cpp.h; path = devmem2d.hpp; sourceTree = "<group>"; };
		B0490CCB149823C4004D57DD /* gpu.hpp */ = {isa = PBXFileReference; fileEncoding = 4; lastKnownFileType = sourcecode.cpp.h; path = gpu.hpp; sourceTree = "<group>"; };
		B0490CCC149823C4004D57DD /* gpumat.hpp */ = {isa = PBXFileReference; fileEncoding = 4; lastKnownFileType = sourcecode.cpp.h; path = gpumat.hpp; sourceTree = "<group>"; };
		B0490CCD149823C4004D57DD /* matrix_operations.hpp */ = {isa = PBXFileReference; fileEncoding = 4; lastKnownFileType = sourcecode.cpp.h; path = matrix_operations.hpp; sourceTree = "<group>"; };
		B0490CCE149823C4004D57DD /* NCV.hpp */ = {isa = PBXFileReference; fileEncoding = 4; lastKnownFileType = sourcecode.cpp.h; path = NCV.hpp; sourceTree = "<group>"; };
		B0490CCF149823C4004D57DD /* NPP_staging.hpp */ = {isa = PBXFileReference; fileEncoding = 4; lastKnownFileType = sourcecode.cpp.h; path = NPP_staging.hpp; sourceTree = "<group>"; };
		B0490CD0149823C4004D57DD /* stream_accessor.hpp */ = {isa = PBXFileReference; fileEncoding = 4; lastKnownFileType = sourcecode.cpp.h; path = stream_accessor.hpp; sourceTree = "<group>"; };
		B0490CD2149823C4004D57DD /* highgui.hpp */ = {isa = PBXFileReference; fileEncoding = 4; lastKnownFileType = sourcecode.cpp.h; path = highgui.hpp; sourceTree = "<group>"; };
		B0490CD3149823C4004D57DD /* highgui_c.h */ = {isa = PBXFileReference; fileEncoding = 4; lastKnownFileType = sourcecode.c.h; path = highgui_c.h; sourceTree = "<group>"; };
		B0490CD5149823C4004D57DD /* imgproc.hpp */ = {isa = PBXFileReference; fileEncoding = 4; lastKnownFileType = sourcecode.cpp.h; path = imgproc.hpp; sourceTree = "<group>"; };
		B0490CD6149823C4004D57DD /* imgproc_c.h */ = {isa = PBXFileReference; fileEncoding = 4; lastKnownFileType = sourcecode.c.h; path = imgproc_c.h; sourceTree = "<group>"; };
		B0490CD7149823C4004D57DD /* types_c.h */ = {isa = PBXFileReference; fileEncoding = 4; lastKnownFileType = sourcecode.c.h; path = types_c.h; sourceTree = "<group>"; };
		B0490CD9149823C4004D57DD /* blobtrack.hpp */ = {isa = PBXFileReference; fileEncoding = 4; lastKnownFileType = sourcecode.cpp.h; path = blobtrack.hpp; sourceTree = "<group>"; };
		B0490CDA149823C4004D57DD /* compat.hpp */ = {isa = PBXFileReference; fileEncoding = 4; lastKnownFileType = sourcecode.cpp.h; path = compat.hpp; sourceTree = "<group>"; };
		B0490CDB149823C4004D57DD /* legacy.hpp */ = {isa = PBXFileReference; fileEncoding = 4; lastKnownFileType = sourcecode.cpp.h; path = legacy.hpp; sourceTree = "<group>"; };
		B0490CDC149823C4004D57DD /* streams.hpp */ = {isa = PBXFileReference; fileEncoding = 4; lastKnownFileType = sourcecode.cpp.h; path = streams.hpp; sourceTree = "<group>"; };
		B0490CDE149823C4004D57DD /* ml.hpp */ = {isa = PBXFileReference; fileEncoding = 4; lastKnownFileType = sourcecode.cpp.h; path = ml.hpp; sourceTree = "<group>"; };
		B0490CE0149823C4004D57DD /* objdetect.hpp */ = {isa = PBXFileReference; fileEncoding = 4; lastKnownFileType = sourcecode.cpp.h; path = objdetect.hpp; sourceTree = "<group>"; };
		B0490CE1149823C4004D57DD /* opencv.hpp */ = {isa = PBXFileReference; fileEncoding = 4; lastKnownFileType = sourcecode.cpp.h; path = opencv.hpp; sourceTree = "<group>"; };
		B0490CE3149823C4004D57DD /* ts.hpp */ = {isa = PBXFileReference; fileEncoding = 4; lastKnownFileType = sourcecode.cpp.h; path = ts.hpp; sourceTree = "<group>"; };
		B0490CE4149823C4004D57DD /* ts_gtest.h */ = {isa = PBXFileReference; fileEncoding = 4; lastKnownFileType = sourcecode.c.h; path = ts_gtest.h; sourceTree = "<group>"; };
		B0490CE6149823C4004D57DD /* background_segm.hpp */ = {isa = PBXFileReference; fileEncoding = 4; lastKnownFileType = sourcecode.cpp.h; path = background_segm.hpp; sourceTree = "<group>"; };
		B0490CE7149823C4004D57DD /* tracking.hpp */ = {isa = PBXFileReference; fileEncoding = 4; lastKnownFileType = sourcecode.cpp.h; path = tracking.hpp; sourceTree = "<group>"; };
		B0490CE8149823C4004D57DD /* video.hpp */ = {isa = PBXFileReference; fileEncoding = 4; lastKnownFileType = sourcecode.cpp.h; path = video.hpp; sourceTree = "<group>"; };
		B0490CEA149823C4004D57DD /* ofxCvBlob.h */ = {isa = PBXFileReference; fileEncoding = 4; lastKnownFileType = sourcecode.c.h; path = ofxCvBlob.h; sourceTree = "<group>"; };
		B0490CEB149823C4004D57DD /* ofxCvColorImage.cpp */ = {isa = PBXFileReference; fileEncoding = 4; lastKnownFileType = sourcecode.cpp.cpp; path = ofxCvColorImage.cpp; sourceTree = "<group>"; };
		B0490CEC149823C4004D57DD /* ofxCvColorImage.h */ = {isa = PBXFileReference; fileEncoding = 4; lastKnownFileType = sourcecode.c.h; path = ofxCvColorImage.h; sourceTree = "<group>"; };
		B0490CED149823C4004D57DD /* ofxCvConstants.h */ = {isa = PBXFileReference; fileEncoding = 4; lastKnownFileType = sourcecode.c.h; path = ofxCvConstants.h; sourceTree = "<group>"; };
		B0490CEE149823C4004D57DD /* ofxCvContourFinder.cpp */ = {isa = PBXFileReference; fileEncoding = 4; lastKnownFileType = sourcecode.cpp.cpp; path = ofxCvContourFinder.cpp; sourceTree = "<group>"; };
		B0490CEF149823C4004D57DD /* ofxCvContourFinder.h */ = {isa = PBXFileReference; fileEncoding = 4; lastKnownFileType = sourcecode.c.h; path = ofxCvContourFinder.h; sourceTree = "<group>"; };
		B0490CF0149823C4004D57DD /* ofxCvFloatImage.cpp */ = {isa = PBXFileReference; fileEncoding = 4; lastKnownFileType = sourcecode.cpp.cpp; path = ofxCvFloatImage.cpp; sourceTree = "<group>"; };
		B0490CF1149823C4004D57DD /* ofxCvFloatImage.h */ = {isa = PBXFileReference; fileEncoding = 4; lastKnownFileType = sourcecode.c.h; path = ofxCvFloatImage.h; sourceTree = "<group>"; };
		B0490CF2149823C4004D57DD /* ofxCvGrayscaleImage.cpp */ = {isa = PBXFileReference; fileEncoding = 4; lastKnownFileType = sourcecode.cpp.cpp; path = ofxCvGrayscaleImage.cpp; sourceTree = "<group>"; };
		B0490CF3149823C4004D57DD /* ofxCvGrayscaleImage.h */ = {isa = PBXFileReference; fileEncoding = 4; lastKnownFileType = sourcecode.c.h; path = ofxCvGrayscaleImage.h; sourceTree = "<group>"; };
		B0490CF4149823C4004D57DD /* ofxCvHaarFinder.cpp */ = {isa = PBXFileReference; fileEncoding = 4; lastKnownFileType = sourcecode.cpp.cpp; path = ofxCvHaarFinder.cpp; sourceTree = "<group>"; };
		B0490CF5149823C4004D57DD /* ofxCvHaarFinder.h */ = {isa = PBXFileReference; fileEncoding = 4; lastKnownFileType = sourcecode.c.h; path = ofxCvHaarFinder.h; sourceTree = "<group>"; };
		B0490CF6149823C4004D57DD /* ofxCvImage.cpp */ = {isa = PBXFileReference; fileEncoding = 4; lastKnownFileType = sourcecode.cpp.cpp; path = ofxCvImage.cpp; sourceTree = "<group>"; };
		B0490CF7149823C4004D57DD /* ofxCvImage.h */ = {isa = PBXFileReference; fileEncoding = 4; lastKnownFileType = sourcecode.c.h; path = ofxCvImage.h; sourceTree = "<group>"; };
		B0490CF8149823C4004D57DD /* ofxCvMain.h */ = {isa = PBXFileReference; fileEncoding = 4; lastKnownFileType = sourcecode.c.h; path = ofxCvMain.h; sourceTree = "<group>"; };
		B0490CF9149823C4004D57DD /* ofxCvShortImage.cpp */ = {isa = PBXFileReference; fileEncoding = 4; lastKnownFileType = sourcecode.cpp.cpp; path = ofxCvShortImage.cpp; sourceTree = "<group>"; };
		B0490CFA149823C4004D57DD /* ofxCvShortImage.h */ = {isa = PBXFileReference; fileEncoding = 4; lastKnownFileType = sourcecode.c.h; path = ofxCvShortImage.h; sourceTree = "<group>"; };
		B0490CFB149823C4004D57DD /* ofxOpenCv.h */ = {isa = PBXFileReference; fileEncoding = 4; lastKnownFileType = sourcecode.c.h; path = ofxOpenCv.h; sourceTree = "<group>"; };
		B0490D291498253E004D57DD /* install.xml */ = {isa = PBXFileReference; fileEncoding = 4; lastKnownFileType = text.xml; path = install.xml; sourceTree = "<group>"; };
		B0490D2B1498253E004D57DD /* tinyxml.cpp */ = {isa = PBXFileReference; fileEncoding = 4; lastKnownFileType = sourcecode.cpp.cpp; path = tinyxml.cpp; sourceTree = "<group>"; };
		B0490D2C1498253E004D57DD /* tinyxml.h */ = {isa = PBXFileReference; fileEncoding = 4; lastKnownFileType = sourcecode.c.h; path = tinyxml.h; sourceTree = "<group>"; };
		B0490D2D1498253E004D57DD /* tinyxmlerror.cpp */ = {isa = PBXFileReference; fileEncoding = 4; lastKnownFileType = sourcecode.cpp.cpp; path = tinyxmlerror.cpp; sourceTree = "<group>"; };
		B0490D2E1498253E004D57DD /* tinyxmlparser.cpp */ = {isa = PBXFileReference; fileEncoding = 4; lastKnownFileType = sourcecode.cpp.cpp; path = tinyxmlparser.cpp; sourceTree = "<group>"; };
		B0490D301498253E004D57DD /* ofxXmlSettings.cpp */ = {isa = PBXFileReference; fileEncoding = 4; lastKnownFileType = sourcecode.cpp.cpp; path = ofxXmlSettings.cpp; sourceTree = "<group>"; };
		B0490D311498253E004D57DD /* ofxXmlSettings.h */ = {isa = PBXFileReference; fileEncoding = 4; lastKnownFileType = sourcecode.c.h; path = ofxXmlSettings.h; sourceTree = "<group>"; };
		BBAB23BE13894E4700AA2426 /* GLUT.framework */ = {isa = PBXFileReference; lastKnownFileType = wrapper.framework; name = GLUT.framework; path = ../../../libs/glut/lib/osx/GLUT.framework; sourceTree = "<group>"; };
		E4328143138ABC890047C5CB /* openFrameworksLib.xcodeproj */ = {isa = PBXFileReference; lastKnownFileType = "wrapper.pb-project"; name = openFrameworksLib.xcodeproj; path = ../../../libs/openFrameworksCompiled/project/osx/openFrameworksLib.xcodeproj; sourceTree = SOURCE_ROOT; };
		E45BE9710E8CC7DD009D7055 /* AGL.framework */ = {isa = PBXFileReference; lastKnownFileType = wrapper.framework; name = AGL.framework; path = /System/Library/Frameworks/AGL.framework; sourceTree = "<absolute>"; };
		E45BE9720E8CC7DD009D7055 /* ApplicationServices.framework */ = {isa = PBXFileReference; lastKnownFileType = wrapper.framework; name = ApplicationServices.framework; path = /System/Library/Frameworks/ApplicationServices.framework; sourceTree = "<absolute>"; };
		E45BE9730E8CC7DD009D7055 /* AudioToolbox.framework */ = {isa = PBXFileReference; lastKnownFileType = wrapper.framework; name = AudioToolbox.framework; path = /System/Library/Frameworks/AudioToolbox.framework; sourceTree = "<absolute>"; };
		E45BE9740E8CC7DD009D7055 /* Carbon.framework */ = {isa = PBXFileReference; lastKnownFileType = wrapper.framework; name = Carbon.framework; path = /System/Library/Frameworks/Carbon.framework; sourceTree = "<absolute>"; };
		E45BE9750E8CC7DD009D7055 /* CoreAudio.framework */ = {isa = PBXFileReference; lastKnownFileType = wrapper.framework; name = CoreAudio.framework; path = /System/Library/Frameworks/CoreAudio.framework; sourceTree = "<absolute>"; };
		E45BE9760E8CC7DD009D7055 /* CoreFoundation.framework */ = {isa = PBXFileReference; lastKnownFileType = wrapper.framework; name = CoreFoundation.framework; path = /System/Library/Frameworks/CoreFoundation.framework; sourceTree = "<absolute>"; };
		E45BE9770E8CC7DD009D7055 /* CoreServices.framework */ = {isa = PBXFileReference; lastKnownFileType = wrapper.framework; name = CoreServices.framework; path = /System/Library/Frameworks/CoreServices.framework; sourceTree = "<absolute>"; };
		E45BE9790E8CC7DD009D7055 /* OpenGL.framework */ = {isa = PBXFileReference; lastKnownFileType = wrapper.framework; name = OpenGL.framework; path = /System/Library/Frameworks/OpenGL.framework; sourceTree = "<absolute>"; };
		E45BE97A0E8CC7DD009D7055 /* QuickTime.framework */ = {isa = PBXFileReference; lastKnownFileType = wrapper.framework; name = QuickTime.framework; path = /System/Library/Frameworks/QuickTime.framework; sourceTree = "<absolute>"; };
		E4B69B5B0A3A1756003C02F2 /* emptyExampleDebug.app */ = {isa = PBXFileReference; explicitFileType = wrapper.application; includeInIndex = 0; path = emptyExampleDebug.app; sourceTree = BUILT_PRODUCTS_DIR; };
		E4B69E1D0A3A1BDC003C02F2 /* main.cpp */ = {isa = PBXFileReference; fileEncoding = 30; lastKnownFileType = sourcecode.cpp.cpp; name = main.cpp; path = src/main.cpp; sourceTree = SOURCE_ROOT; };
		E4B69E1E0A3A1BDC003C02F2 /* testApp.cpp */ = {isa = PBXFileReference; explicitFileType = sourcecode.cpp.cpp; fileEncoding = 30; name = testApp.cpp; path = src/testApp.cpp; sourceTree = SOURCE_ROOT; };
		E4B69E1F0A3A1BDC003C02F2 /* testApp.h */ = {isa = PBXFileReference; fileEncoding = 30; lastKnownFileType = sourcecode.c.h; name = testApp.h; path = src/testApp.h; sourceTree = SOURCE_ROOT; };
		E4B6FCAD0C3E899E008CF71C /* openFrameworks-Info.plist */ = {isa = PBXFileReference; fileEncoding = 30; lastKnownFileType = text.plist.xml; path = "openFrameworks-Info.plist"; sourceTree = "<group>"; };
		E4C2424410CC5A17004149E2 /* AppKit.framework */ = {isa = PBXFileReference; lastKnownFileType = wrapper.framework; name = AppKit.framework; path = /System/Library/Frameworks/AppKit.framework; sourceTree = "<absolute>"; };
		E4C2424510CC5A17004149E2 /* Cocoa.framework */ = {isa = PBXFileReference; lastKnownFileType = wrapper.framework; name = Cocoa.framework; path = /System/Library/Frameworks/Cocoa.framework; sourceTree = "<absolute>"; };
		E4C2424610CC5A17004149E2 /* IOKit.framework */ = {isa = PBXFileReference; lastKnownFileType = wrapper.framework; name = IOKit.framework; path = /System/Library/Frameworks/IOKit.framework; sourceTree = "<absolute>"; };
		E4EB691F138AFCF100A09F29 /* CoreOF.xcconfig */ = {isa = PBXFileReference; fileEncoding = 4; lastKnownFileType = text.xcconfig; name = CoreOF.xcconfig; path = ../../../libs/openFrameworksCompiled/project/osx/CoreOF.xcconfig; sourceTree = SOURCE_ROOT; };
		E4EB6923138AFD0F00A09F29 /* Project.xcconfig */ = {isa = PBXFileReference; fileEncoding = 4; lastKnownFileType = text.xcconfig; path = Project.xcconfig; sourceTree = "<group>"; };
/* End PBXFileReference section */

/* Begin PBXFrameworksBuildPhase section */
		E4B69B590A3A1756003C02F2 /* Frameworks */ = {
			isa = PBXFrameworksBuildPhase;
			buildActionMask = 2147483647;
			files = (
				E4EB6799138ADC1D00A09F29 /* GLUT.framework in Frameworks */,
				E4328149138ABC9F0047C5CB /* openFrameworksDebug.a in Frameworks */,
				E45BE97B0E8CC7DD009D7055 /* AGL.framework in Frameworks */,
				E45BE97C0E8CC7DD009D7055 /* ApplicationServices.framework in Frameworks */,
				E45BE97D0E8CC7DD009D7055 /* AudioToolbox.framework in Frameworks */,
				E45BE97E0E8CC7DD009D7055 /* Carbon.framework in Frameworks */,
				E45BE97F0E8CC7DD009D7055 /* CoreAudio.framework in Frameworks */,
				E45BE9800E8CC7DD009D7055 /* CoreFoundation.framework in Frameworks */,
				E45BE9810E8CC7DD009D7055 /* CoreServices.framework in Frameworks */,
				E45BE9830E8CC7DD009D7055 /* OpenGL.framework in Frameworks */,
				E45BE9840E8CC7DD009D7055 /* QuickTime.framework in Frameworks */,
				E4C2424710CC5A17004149E2 /* AppKit.framework in Frameworks */,
				E4C2424810CC5A17004149E2 /* Cocoa.framework in Frameworks */,
				E4C2424910CC5A17004149E2 /* IOKit.framework in Frameworks */,
				B0490D0E149823C4004D57DD /* libopencv_core.2.3.1.dylib in Frameworks */,
				B0490D17149823C4004D57DD /* libopencv_video.2.3.1.dylib in Frameworks */,
			);
			runOnlyForDeploymentPostprocessing = 0;
		};
/* End PBXFrameworksBuildPhase section */

/* Begin PBXGroup section */
		B0490C43149823C4004D57DD /* MyGUI 002 */ = {
			isa = PBXGroup;
			children = (
				B0490C44149823C4004D57DD /* src */,
			);
			name = "MyGUI 002";
			path = "addons/MyGUI 002";
			sourceTree = "<group>";
		};
		B0490C44149823C4004D57DD /* src */ = {
			isa = PBXGroup;
			children = (
				B0490C45149823C4004D57DD /* Controls */,
				B0490C67149823C4004D57DD /* MyGUI.cpp */,
				B0490C68149823C4004D57DD /* MyGUI.h */,
			);
			path = src;
			sourceTree = "<group>";
		};
		B0490C45149823C4004D57DD /* Controls */ = {
			isa = PBXGroup;
			children = (
				B0490C46149823C4004D57DD /* ControlBase.cpp */,
				B0490C47149823C4004D57DD /* ControlBase.h */,
				B0490C48149823C4004D57DD /* ControlColorScheme.h */,
				B0490C49149823C4004D57DD /* ControlEvent.h */,
				B0490C4A149823C4004D57DD /* ControlIncludes.h */,
				B0490C4B149823C4004D57DD /* FadableBase.cpp */,
				B0490C4C149823C4004D57DD /* FadableBase.h */,
				B0490C4D149823C4004D57DD /* FadableCam.h */,
				B0490C4E149823C4004D57DD /* FadableCvGrayImage.h */,
				B0490C4F149823C4004D57DD /* FadableVideo.h */,
				B0490C50149823C4004D57DD /* FadeToBlack.h */,
				B0490C51149823C4004D57DD /* MyButton.cpp */,
				B0490C52149823C4004D57DD /* MyButton.h */,
				B0490C53149823C4004D57DD /* MyCameraManager.cpp */,
				B0490C54149823C4004D57DD /* MyCameraManager.h */,
				B0490C55149823C4004D57DD /* MyPanel.cpp */,
				B0490C56149823C4004D57DD /* MyPanel.h */,
				B0490C57149823C4004D57DD /* MyRadioButtons.cpp */,
				B0490C58149823C4004D57DD /* MyRadioButtons.h */,
				B0490C59149823C4004D57DD /* MyScroller.cpp */,
				B0490C5A149823C4004D57DD /* MyScroller.h */,
				B0490C5B149823C4004D57DD /* MyScrollList.cpp */,
				B0490C5C149823C4004D57DD /* MyScrollList.h */,
				B0490C5D149823C4004D57DD /* MySlider.cpp */,
				B0490C5E149823C4004D57DD /* MySlider.h */,
				B0490C5F149823C4004D57DD /* MySlider2d.cpp */,
				B0490C60149823C4004D57DD /* MySlider2d.h */,
				B0490C61149823C4004D57DD /* MyToggle.cpp */,
				B0490C62149823C4004D57DD /* MyToggle.h */,
				B0490C63149823C4004D57DD /* MyVideoPlayer.cpp */,
				B0490C64149823C4004D57DD /* MyVideoPlayer.h */,
				B0490C65149823C4004D57DD /* MyVideoPlayerPlus.cpp */,
				B0490C66149823C4004D57DD /* MyVideoPlayerPlus.h */,
			);
			path = Controls;
			sourceTree = "<group>";
		};
		B0490C69149823C4004D57DD /* ofxMSAInteractiveObject */ = {
			isa = PBXGroup;
			children = (
				B0490C75149823C4004D57DD /* src */,
			);
			name = ofxMSAInteractiveObject;
			path = addons/ofxMSAInteractiveObject;
			sourceTree = "<group>";
		};
		B0490C75149823C4004D57DD /* src */ = {
			isa = PBXGroup;
			children = (
				B0490C76149823C4004D57DD /* ofxMSAInteractiveObject.cpp */,
				B0490C77149823C4004D57DD /* ofxMSAInteractiveObject.h */,
			);
			path = src;
			sourceTree = "<group>";
		};
		B0490C78149823C4004D57DD /* ofxOpenCv */ = {
			isa = PBXGroup;
			children = (
				B0490C79149823C4004D57DD /* install.xml */,
				B0490C7A149823C4004D57DD /* libs */,
				B0490C86149823C4004D57DD /* opencv */,
				B0490C92149823C4004D57DD /* opencv2 */,
				B0490CE9149823C4004D57DD /* src */,
			);
			name = ofxOpenCv;
			path = addons/ofxOpenCv;
			sourceTree = "<group>";
		};
		B0490C7A149823C4004D57DD /* libs */ = {
			isa = PBXGroup;
			children = (
				B0490C7C149823C4004D57DD /* libopencv_core.2.3.1.dylib */,
				B0490C85149823C4004D57DD /* libopencv_video.2.3.1.dylib */,
			);
			path = libs;
			sourceTree = "<group>";
		};
		B0490C86149823C4004D57DD /* opencv */ = {
			isa = PBXGroup;
			children = (
				B0490C87149823C4004D57DD /* cv.h */,
				B0490C88149823C4004D57DD /* cv.hpp */,
				B0490C89149823C4004D57DD /* cvaux.h */,
				B0490C8A149823C4004D57DD /* cvaux.hpp */,
				B0490C8B149823C4004D57DD /* cvwimage.h */,
				B0490C8C149823C4004D57DD /* cxcore.h */,
				B0490C8D149823C4004D57DD /* cxcore.hpp */,
				B0490C8E149823C4004D57DD /* cxeigen.hpp */,
				B0490C8F149823C4004D57DD /* cxmisc.h */,
				B0490C90149823C4004D57DD /* highgui.h */,
				B0490C91149823C4004D57DD /* ml.h */,
			);
			path = opencv;
			sourceTree = "<group>";
		};
		B0490C92149823C4004D57DD /* opencv2 */ = {
			isa = PBXGroup;
			children = (
				B0490C93149823C4004D57DD /* calib3d */,
				B0490C95149823C4004D57DD /* contrib */,
				B0490C98149823C4004D57DD /* core */,
				B0490CA2149823C4004D57DD /* features2d */,
				B0490CA4149823C4004D57DD /* flann */,
				B0490CC9149823C4004D57DD /* gpu */,
				B0490CD1149823C4004D57DD /* highgui */,
				B0490CD4149823C4004D57DD /* imgproc */,
				B0490CD8149823C4004D57DD /* legacy */,
				B0490CDD149823C4004D57DD /* ml */,
				B0490CDF149823C4004D57DD /* objdetect */,
				B0490CE1149823C4004D57DD /* opencv.hpp */,
				B0490CE2149823C4004D57DD /* ts */,
				B0490CE5149823C4004D57DD /* video */,
			);
			path = opencv2;
			sourceTree = "<group>";
		};
		B0490C93149823C4004D57DD /* calib3d */ = {
			isa = PBXGroup;
			children = (
				B0490C94149823C4004D57DD /* calib3d.hpp */,
			);
			path = calib3d;
			sourceTree = "<group>";
		};
		B0490C95149823C4004D57DD /* contrib */ = {
			isa = PBXGroup;
			children = (
				B0490C96149823C4004D57DD /* contrib.hpp */,
				B0490C97149823C4004D57DD /* retina.hpp */,
			);
			path = contrib;
			sourceTree = "<group>";
		};
		B0490C98149823C4004D57DD /* core */ = {
			isa = PBXGroup;
			children = (
				B0490C99149823C4004D57DD /* core.hpp */,
				B0490C9A149823C4004D57DD /* core_c.h */,
				B0490C9B149823C4004D57DD /* eigen.hpp */,
				B0490C9C149823C4004D57DD /* internal.hpp */,
				B0490C9D149823C4004D57DD /* mat.hpp */,
				B0490C9E149823C4004D57DD /* operations.hpp */,
				B0490C9F149823C4004D57DD /* types_c.h */,
				B0490CA0149823C4004D57DD /* version.hpp */,
				B0490CA1149823C4004D57DD /* wimage.hpp */,
			);
			path = core;
			sourceTree = "<group>";
		};
		B0490CA2149823C4004D57DD /* features2d */ = {
			isa = PBXGroup;
			children = (
				B0490CA3149823C4004D57DD /* features2d.hpp */,
			);
			path = features2d;
			sourceTree = "<group>";
		};
		B0490CA4149823C4004D57DD /* flann */ = {
			isa = PBXGroup;
			children = (
				B0490CA5149823C4004D57DD /* all_indices.h */,
				B0490CA6149823C4004D57DD /* allocator.h */,
				B0490CA7149823C4004D57DD /* any.h */,
				B0490CA8149823C4004D57DD /* autotuned_index.h */,
				B0490CA9149823C4004D57DD /* composite_index.h */,
				B0490CAA149823C4004D57DD /* config.h */,
				B0490CAB149823C4004D57DD /* defines.h */,
				B0490CAC149823C4004D57DD /* dist.h */,
				B0490CAD149823C4004D57DD /* dummy.h */,
				B0490CAE149823C4004D57DD /* dynamic_bitset.h */,
				B0490CAF149823C4004D57DD /* flann.hpp */,
				B0490CB0149823C4004D57DD /* flann_base.hpp */,
				B0490CB1149823C4004D57DD /* general.h */,
				B0490CB2149823C4004D57DD /* ground_truth.h */,
				B0490CB3149823C4004D57DD /* hdf5.h */,
				B0490CB4149823C4004D57DD /* heap.h */,
				B0490CB5149823C4004D57DD /* hierarchical_clustering_index.h */,
				B0490CB6149823C4004D57DD /* index_testing.h */,
				B0490CB7149823C4004D57DD /* kdtree_index.h */,
				B0490CB8149823C4004D57DD /* kdtree_single_index.h */,
				B0490CB9149823C4004D57DD /* kmeans_index.h */,
				B0490CBA149823C4004D57DD /* linear_index.h */,
				B0490CBB149823C4004D57DD /* logger.h */,
				B0490CBC149823C4004D57DD /* lsh_index.h */,
				B0490CBD149823C4004D57DD /* lsh_table.h */,
				B0490CBE149823C4004D57DD /* matrix.h */,
				B0490CBF149823C4004D57DD /* miniflann.hpp */,
				B0490CC0149823C4004D57DD /* nn_index.h */,
				B0490CC1149823C4004D57DD /* object_factory.h */,
				B0490CC2149823C4004D57DD /* params.h */,
				B0490CC3149823C4004D57DD /* random.h */,
				B0490CC4149823C4004D57DD /* result_set.h */,
				B0490CC5149823C4004D57DD /* sampling.h */,
				B0490CC6149823C4004D57DD /* saving.h */,
				B0490CC7149823C4004D57DD /* simplex_downhill.h */,
				B0490CC8149823C4004D57DD /* timer.h */,
			);
			path = flann;
			sourceTree = "<group>";
		};
		B0490CC9149823C4004D57DD /* gpu */ = {
			isa = PBXGroup;
			children = (
				B0490CCA149823C4004D57DD /* devmem2d.hpp */,
				B0490CCB149823C4004D57DD /* gpu.hpp */,
				B0490CCC149823C4004D57DD /* gpumat.hpp */,
				B0490CCD149823C4004D57DD /* matrix_operations.hpp */,
				B0490CCE149823C4004D57DD /* NCV.hpp */,
				B0490CCF149823C4004D57DD /* NPP_staging.hpp */,
				B0490CD0149823C4004D57DD /* stream_accessor.hpp */,
			);
			path = gpu;
			sourceTree = "<group>";
		};
		B0490CD1149823C4004D57DD /* highgui */ = {
			isa = PBXGroup;
			children = (
				B0490CD2149823C4004D57DD /* highgui.hpp */,
				B0490CD3149823C4004D57DD /* highgui_c.h */,
			);
			path = highgui;
			sourceTree = "<group>";
		};
		B0490CD4149823C4004D57DD /* imgproc */ = {
			isa = PBXGroup;
			children = (
				B0490CD5149823C4004D57DD /* imgproc.hpp */,
				B0490CD6149823C4004D57DD /* imgproc_c.h */,
				B0490CD7149823C4004D57DD /* types_c.h */,
			);
			path = imgproc;
			sourceTree = "<group>";
		};
		B0490CD8149823C4004D57DD /* legacy */ = {
			isa = PBXGroup;
			children = (
				B0490CD9149823C4004D57DD /* blobtrack.hpp */,
				B0490CDA149823C4004D57DD /* compat.hpp */,
				B0490CDB149823C4004D57DD /* legacy.hpp */,
				B0490CDC149823C4004D57DD /* streams.hpp */,
			);
			path = legacy;
			sourceTree = "<group>";
		};
		B0490CDD149823C4004D57DD /* ml */ = {
			isa = PBXGroup;
			children = (
				B0490CDE149823C4004D57DD /* ml.hpp */,
			);
			path = ml;
			sourceTree = "<group>";
		};
		B0490CDF149823C4004D57DD /* objdetect */ = {
			isa = PBXGroup;
			children = (
				B0490CE0149823C4004D57DD /* objdetect.hpp */,
			);
			path = objdetect;
			sourceTree = "<group>";
		};
		B0490CE2149823C4004D57DD /* ts */ = {
			isa = PBXGroup;
			children = (
				B0490CE3149823C4004D57DD /* ts.hpp */,
				B0490CE4149823C4004D57DD /* ts_gtest.h */,
			);
			path = ts;
			sourceTree = "<group>";
		};
		B0490CE5149823C4004D57DD /* video */ = {
			isa = PBXGroup;
			children = (
				B0490CE6149823C4004D57DD /* background_segm.hpp */,
				B0490CE7149823C4004D57DD /* tracking.hpp */,
				B0490CE8149823C4004D57DD /* video.hpp */,
			);
			path = video;
			sourceTree = "<group>";
		};
		B0490CE9149823C4004D57DD /* src */ = {
			isa = PBXGroup;
			children = (
				B0490CEA149823C4004D57DD /* ofxCvBlob.h */,
				B0490CEB149823C4004D57DD /* ofxCvColorImage.cpp */,
				B0490CEC149823C4004D57DD /* ofxCvColorImage.h */,
				B0490CED149823C4004D57DD /* ofxCvConstants.h */,
				B0490CEE149823C4004D57DD /* ofxCvContourFinder.cpp */,
				B0490CEF149823C4004D57DD /* ofxCvContourFinder.h */,
				B0490CF0149823C4004D57DD /* ofxCvFloatImage.cpp */,
				B0490CF1149823C4004D57DD /* ofxCvFloatImage.h */,
				B0490CF2149823C4004D57DD /* ofxCvGrayscaleImage.cpp */,
				B0490CF3149823C4004D57DD /* ofxCvGrayscaleImage.h */,
				B0490CF4149823C4004D57DD /* ofxCvHaarFinder.cpp */,
				B0490CF5149823C4004D57DD /* ofxCvHaarFinder.h */,
				B0490CF6149823C4004D57DD /* ofxCvImage.cpp */,
				B0490CF7149823C4004D57DD /* ofxCvImage.h */,
				B0490CF8149823C4004D57DD /* ofxCvMain.h */,
				B0490CF9149823C4004D57DD /* ofxCvShortImage.cpp */,
				B0490CFA149823C4004D57DD /* ofxCvShortImage.h */,
				B0490CFB149823C4004D57DD /* ofxOpenCv.h */,
			);
			path = src;
			sourceTree = "<group>";
		};
		B0490D281498253E004D57DD /* ofxXmlSettings */ = {
			isa = PBXGroup;
			children = (
				B0490D291498253E004D57DD /* install.xml */,
				B0490D2A1498253E004D57DD /* libs */,
				B0490D2F1498253E004D57DD /* src */,
			);
			name = ofxXmlSettings;
			path = ../../../addons/ofxXmlSettings;
			sourceTree = SOURCE_ROOT;
		};
		B0490D2A1498253E004D57DD /* libs */ = {
			isa = PBXGroup;
			children = (
				B0490D2B1498253E004D57DD /* tinyxml.cpp */,
				B0490D2C1498253E004D57DD /* tinyxml.h */,
				B0490D2D1498253E004D57DD /* tinyxmlerror.cpp */,
				B0490D2E1498253E004D57DD /* tinyxmlparser.cpp */,
			);
			path = libs;
			sourceTree = "<group>";
		};
		B0490D2F1498253E004D57DD /* src */ = {
			isa = PBXGroup;
			children = (
				B0490D301498253E004D57DD /* ofxXmlSettings.cpp */,
				B0490D311498253E004D57DD /* ofxXmlSettings.h */,
			);
			path = src;
			sourceTree = "<group>";
		};
		BB4B014C10F69532006C3DED /* addons */ = {
			isa = PBXGroup;
			children = (
				B0490D281498253E004D57DD /* ofxXmlSettings */,
				B0490C43149823C4004D57DD /* MyGUI 002 */,
				B0490C69149823C4004D57DD /* ofxMSAInteractiveObject */,
				B0490C78149823C4004D57DD /* ofxOpenCv */,
			);
			name = addons;
			sourceTree = "<group>";
		};
		BBAB23C913894ECA00AA2426 /* system frameworks */ = {
			isa = PBXGroup;
			children = (
				E4C2424410CC5A17004149E2 /* AppKit.framework */,
				E4C2424510CC5A17004149E2 /* Cocoa.framework */,
				E4C2424610CC5A17004149E2 /* IOKit.framework */,
				E45BE9710E8CC7DD009D7055 /* AGL.framework */,
				E45BE9720E8CC7DD009D7055 /* ApplicationServices.framework */,
				E45BE9730E8CC7DD009D7055 /* AudioToolbox.framework */,
				E45BE9740E8CC7DD009D7055 /* Carbon.framework */,
				E45BE9750E8CC7DD009D7055 /* CoreAudio.framework */,
				E45BE9760E8CC7DD009D7055 /* CoreFoundation.framework */,
				E45BE9770E8CC7DD009D7055 /* CoreServices.framework */,
				E45BE9790E8CC7DD009D7055 /* OpenGL.framework */,
				E45BE97A0E8CC7DD009D7055 /* QuickTime.framework */,
			);
			name = "system frameworks";
			sourceTree = "<group>";
		};
		BBAB23CA13894EDB00AA2426 /* 3rd party frameworks */ = {
			isa = PBXGroup;
			children = (
				BBAB23BE13894E4700AA2426 /* GLUT.framework */,
			);
			name = "3rd party frameworks";
			sourceTree = "<group>";
		};
		E4328144138ABC890047C5CB /* Products */ = {
			isa = PBXGroup;
			children = (
				E4328148138ABC890047C5CB /* openFrameworksDebug.a */,
			);
			name = Products;
			sourceTree = "<group>";
		};
		E45BE5980E8CC70C009D7055 /* frameworks */ = {
			isa = PBXGroup;
			children = (
				BBAB23CA13894EDB00AA2426 /* 3rd party frameworks */,
				BBAB23C913894ECA00AA2426 /* system frameworks */,
			);
			name = frameworks;
			sourceTree = "<group>";
		};
		E4B69B4A0A3A1720003C02F2 = {
			isa = PBXGroup;
			children = (
				E4B6FCAD0C3E899E008CF71C /* openFrameworks-Info.plist */,
				E4EB6923138AFD0F00A09F29 /* Project.xcconfig */,
				E4B69E1C0A3A1BDC003C02F2 /* src */,
				E4EEC9E9138DF44700A80321 /* openFrameworks */,
				BB4B014C10F69532006C3DED /* addons */,
				E45BE5980E8CC70C009D7055 /* frameworks */,
				E4B69B5B0A3A1756003C02F2 /* emptyExampleDebug.app */,
			);
			sourceTree = "<group>";
		};
		E4B69E1C0A3A1BDC003C02F2 /* src */ = {
			isa = PBXGroup;
			children = (
				E4B69E1D0A3A1BDC003C02F2 /* main.cpp */,
				E4B69E1E0A3A1BDC003C02F2 /* testApp.cpp */,
				E4B69E1F0A3A1BDC003C02F2 /* testApp.h */,
			);
			path = src;
			sourceTree = SOURCE_ROOT;
		};
		E4EEC9E9138DF44700A80321 /* openFrameworks */ = {
			isa = PBXGroup;
			children = (
				E4EB691F138AFCF100A09F29 /* CoreOF.xcconfig */,
				E4328143138ABC890047C5CB /* openFrameworksLib.xcodeproj */,
			);
			name = openFrameworks;
			sourceTree = "<group>";
		};
/* End PBXGroup section */

/* Begin PBXNativeTarget section */
		E4B69B5A0A3A1756003C02F2 /* emptyExample */ = {
			isa = PBXNativeTarget;
			buildConfigurationList = E4B69B5F0A3A1757003C02F2 /* Build configuration list for PBXNativeTarget "emptyExample" */;
			buildPhases = (
				E4B69B580A3A1756003C02F2 /* Sources */,
				E4B69B590A3A1756003C02F2 /* Frameworks */,
				E4B6FFFD0C3F9AB9008CF71C /* ShellScript */,
				E4C2427710CC5ABF004149E2 /* CopyFiles */,
			);
			buildRules = (
			);
			dependencies = (
				E4EEB9AC138B136A00A80321 /* PBXTargetDependency */,
			);
			name = emptyExample;
			productName = myOFApp;
			productReference = E4B69B5B0A3A1756003C02F2 /* emptyExampleDebug.app */;
			productType = "com.apple.product-type.application";
		};
/* End PBXNativeTarget section */

/* Begin PBXProject section */
		E4B69B4C0A3A1720003C02F2 /* Project object */ = {
			isa = PBXProject;
			buildConfigurationList = E4B69B4D0A3A1720003C02F2 /* Build configuration list for PBXProject "cvOpenNIcapture" */;
			compatibilityVersion = "Xcode 2.4";
			developmentRegion = English;
			hasScannedForEncodings = 0;
			knownRegions = (
				English,
				Japanese,
				French,
				German,
			);
			mainGroup = E4B69B4A0A3A1720003C02F2;
			productRefGroup = E4B69B4A0A3A1720003C02F2;
			projectDirPath = "";
			projectReferences = (
				{
					ProductGroup = E4328144138ABC890047C5CB /* Products */;
					ProjectRef = E4328143138ABC890047C5CB /* openFrameworksLib.xcodeproj */;
				},
			);
			projectRoot = "";
			targets = (
				E4B69B5A0A3A1756003C02F2 /* emptyExample */,
			);
		};
/* End PBXProject section */

/* Begin PBXReferenceProxy section */
		E4328148138ABC890047C5CB /* openFrameworksDebug.a */ = {
			isa = PBXReferenceProxy;
			fileType = archive.ar;
			path = openFrameworksDebug.a;
			remoteRef = E4328147138ABC890047C5CB /* PBXContainerItemProxy */;
			sourceTree = BUILT_PRODUCTS_DIR;
		};
/* End PBXReferenceProxy section */

/* Begin PBXShellScriptBuildPhase section */
		E4B6FFFD0C3F9AB9008CF71C /* ShellScript */ = {
			isa = PBXShellScriptBuildPhase;
			buildActionMask = 2147483647;
			files = (
			);
			inputPaths = (
			);
			outputPaths = (
			);
			runOnlyForDeploymentPostprocessing = 0;
			shellPath = /bin/sh;
			shellScript = "cp -f ../../../libs/fmodex/lib/osx/libfmodex.dylib \"$TARGET_BUILD_DIR/$PRODUCT_NAME.app/Contents/MacOS/libfmodex.dylib\"; install_name_tool -change ./libfmodex.dylib @executable_path/libfmodex.dylib \"$TARGET_BUILD_DIR/$PRODUCT_NAME.app/Contents/MacOS/$PRODUCT_NAME\";";
		};
/* End PBXShellScriptBuildPhase section */

/* Begin PBXSourcesBuildPhase section */
		E4B69B580A3A1756003C02F2 /* Sources */ = {
			isa = PBXSourcesBuildPhase;
			buildActionMask = 2147483647;
			files = (
				E4B69E200A3A1BDC003C02F2 /* main.cpp in Sources */,
				E4B69E210A3A1BDC003C02F2 /* testApp.cpp in Sources */,
				B0490CFC149823C4004D57DD /* ControlBase.cpp in Sources */,
				B0490CFD149823C4004D57DD /* FadableBase.cpp in Sources */,
				B0490CFE149823C4004D57DD /* MyButton.cpp in Sources */,
				B0490CFF149823C4004D57DD /* MyCameraManager.cpp in Sources */,
				B0490D00149823C4004D57DD /* MyPanel.cpp in Sources */,
				B0490D01149823C4004D57DD /* MyRadioButtons.cpp in Sources */,
				B0490D02149823C4004D57DD /* MyScroller.cpp in Sources */,
				B0490D03149823C4004D57DD /* MyScrollList.cpp in Sources */,
				B0490D04149823C4004D57DD /* MySlider.cpp in Sources */,
				B0490D05149823C4004D57DD /* MySlider2d.cpp in Sources */,
				B0490D06149823C4004D57DD /* MyToggle.cpp in Sources */,
				B0490D07149823C4004D57DD /* MyVideoPlayer.cpp in Sources */,
				B0490D08149823C4004D57DD /* MyVideoPlayerPlus.cpp in Sources */,
				B0490D09149823C4004D57DD /* MyGUI.cpp in Sources */,
				B0490D0C149823C4004D57DD /* ofxMSAInteractiveObject.cpp in Sources */,
				B0490D18149823C4004D57DD /* ofxCvColorImage.cpp in Sources */,
				B0490D19149823C4004D57DD /* ofxCvContourFinder.cpp in Sources */,
				B0490D1A149823C4004D57DD /* ofxCvFloatImage.cpp in Sources */,
				B0490D1B149823C4004D57DD /* ofxCvGrayscaleImage.cpp in Sources */,
				B0490D1C149823C4004D57DD /* ofxCvHaarFinder.cpp in Sources */,
				B0490D1D149823C4004D57DD /* ofxCvImage.cpp in Sources */,
				B0490D1E149823C4004D57DD /* ofxCvShortImage.cpp in Sources */,
				B0490D321498253E004D57DD /* tinyxml.cpp in Sources */,
				B0490D331498253E004D57DD /* tinyxmlerror.cpp in Sources */,
				B0490D341498253E004D57DD /* tinyxmlparser.cpp in Sources */,
				B0490D351498253E004D57DD /* ofxXmlSettings.cpp in Sources */,
			);
			runOnlyForDeploymentPostprocessing = 0;
		};
/* End PBXSourcesBuildPhase section */

/* Begin PBXTargetDependency section */
		E4EEB9AC138B136A00A80321 /* PBXTargetDependency */ = {
			isa = PBXTargetDependency;
			name = openFrameworks;
			targetProxy = E4EEB9AB138B136A00A80321 /* PBXContainerItemProxy */;
		};
/* End PBXTargetDependency section */

/* Begin XCBuildConfiguration section */
		E4B69B4E0A3A1720003C02F2 /* Debug */ = {
			isa = XCBuildConfiguration;
			baseConfigurationReference = E4EB6923138AFD0F00A09F29 /* Project.xcconfig */;
			buildSettings = {
				ARCHS = "$(NATIVE_ARCH)";
				CONFIGURATION_BUILD_DIR = "$(SRCROOT)/bin/";
				COPY_PHASE_STRIP = NO;
				DEAD_CODE_STRIPPING = YES;
				GCC_AUTO_VECTORIZATION = YES;
				GCC_ENABLE_SSE3_EXTENSIONS = YES;
				GCC_ENABLE_SUPPLEMENTAL_SSE3_INSTRUCTIONS = YES;
				GCC_INLINES_ARE_PRIVATE_EXTERN = NO;
				GCC_MODEL_TUNING = G5;
				GCC_SYMBOLS_PRIVATE_EXTERN = NO;
				GCC_WARN_ABOUT_DEPRECATED_FUNCTIONS = NO;
				GCC_WARN_ABOUT_INVALID_OFFSETOF_MACRO = NO;
				GCC_WARN_ALLOW_INCOMPLETE_PROTOCOL = NO;
				GCC_WARN_UNINITIALIZED_AUTOS = NO;
				GCC_WARN_UNUSED_VALUE = NO;
				GCC_WARN_UNUSED_VARIABLE = NO;
				OTHER_CPLUSPLUSFLAGS = (
					"-D__MACOSX_CORE__",
					"-lpthread",
				);
			};
			name = Debug;
		};
		E4B69B4F0A3A1720003C02F2 /* Release */ = {
			isa = XCBuildConfiguration;
			baseConfigurationReference = E4EB6923138AFD0F00A09F29 /* Project.xcconfig */;
			buildSettings = {
				ARCHS = "$(NATIVE_ARCH)";
				CONFIGURATION_BUILD_DIR = "$(SRCROOT)/bin/";
				COPY_PHASE_STRIP = YES;
				DEAD_CODE_STRIPPING = YES;
				GCC_AUTO_VECTORIZATION = YES;
				GCC_ENABLE_SSE3_EXTENSIONS = YES;
				GCC_ENABLE_SUPPLEMENTAL_SSE3_INSTRUCTIONS = YES;
				GCC_INLINES_ARE_PRIVATE_EXTERN = NO;
				GCC_MODEL_TUNING = G5;
				GCC_OPTIMIZATION_LEVEL = 3;
				GCC_SYMBOLS_PRIVATE_EXTERN = NO;
				GCC_UNROLL_LOOPS = YES;
				GCC_WARN_ABOUT_DEPRECATED_FUNCTIONS = NO;
				GCC_WARN_ABOUT_INVALID_OFFSETOF_MACRO = NO;
				GCC_WARN_ALLOW_INCOMPLETE_PROTOCOL = NO;
				GCC_WARN_UNINITIALIZED_AUTOS = NO;
				GCC_WARN_UNUSED_VALUE = NO;
				GCC_WARN_UNUSED_VARIABLE = NO;
				OTHER_CPLUSPLUSFLAGS = (
					"-D__MACOSX_CORE__",
					"-lpthread",
				);
			};
			name = Release;
		};
		E4B69B600A3A1757003C02F2 /* Debug */ = {
			isa = XCBuildConfiguration;
			buildSettings = {
				COPY_PHASE_STRIP = NO;
				FRAMEWORK_SEARCH_PATHS = (
					"$(inherited)",
					"$(FRAMEWORK_SEARCH_PATHS_QUOTED_FOR_TARGET_1)",
				);
				FRAMEWORK_SEARCH_PATHS_QUOTED_FOR_TARGET_1 = "\"$(SRCROOT)/../../../libs/glut/lib/osx\"";
				GCC_DYNAMIC_NO_PIC = NO;
				GCC_ENABLE_FIX_AND_CONTINUE = YES;
				GCC_GENERATE_DEBUGGING_SYMBOLS = YES;
				GCC_MODEL_TUNING = G4;
				GCC_PRECOMPILE_PREFIX_HEADER = YES;
				GCC_PREFIX_HEADER = "$(SYSTEM_LIBRARY_DIR)/Frameworks/Carbon.framework/Headers/Carbon.h";
				INFOPLIST_FILE = "openFrameworks-Info.plist";
				INSTALL_PATH = "$(HOME)/Applications";
				LIBRARY_SEARCH_PATHS = (
					"$(inherited)",
					"$(LIBRARY_SEARCH_PATHS_QUOTED_FOR_TARGET_1)",
					"$(LIBRARY_SEARCH_PATHS_QUOTED_FOR_TARGET_2)",
					"$(LIBRARY_SEARCH_PATHS_QUOTED_FOR_TARGET_3)",
					"$(LIBRARY_SEARCH_PATHS_QUOTED_FOR_TARGET_4)",
					"$(LIBRARY_SEARCH_PATHS_QUOTED_FOR_TARGET_5)",
					"$(LIBRARY_SEARCH_PATHS_QUOTED_FOR_TARGET_6)",
					"$(LIBRARY_SEARCH_PATHS_QUOTED_FOR_TARGET_7)",
					"$(LIBRARY_SEARCH_PATHS_QUOTED_FOR_TARGET_8)",
					"$(LIBRARY_SEARCH_PATHS_QUOTED_FOR_TARGET_9)",
					"$(LIBRARY_SEARCH_PATHS_QUOTED_FOR_TARGET_10)",
					"$(LIBRARY_SEARCH_PATHS_QUOTED_FOR_TARGET_11)",
					"$(LIBRARY_SEARCH_PATHS_QUOTED_FOR_TARGET_12)",
					"$(LIBRARY_SEARCH_PATHS_QUOTED_FOR_TARGET_13)",
					"$(LIBRARY_SEARCH_PATHS_QUOTED_FOR_TARGET_14)",
					"$(LIBRARY_SEARCH_PATHS_QUOTED_FOR_TARGET_15)",
					"$(LIBRARY_SEARCH_PATHS_QUOTED_FOR_TARGET_2)",
					"$(LIBRARY_SEARCH_PATHS_QUOTED_FOR_TARGET_3)",
					"$(LIBRARY_SEARCH_PATHS_QUOTED_FOR_TARGET_7)",
					"$(LIBRARY_SEARCH_PATHS_QUOTED_FOR_TARGET_8)",
					"$(LIBRARY_SEARCH_PATHS_QUOTED_FOR_TARGET_9)",
					"$(LIBRARY_SEARCH_PATHS_QUOTED_FOR_TARGET_10)",
					"$(LIBRARY_SEARCH_PATHS_QUOTED_FOR_TARGET_11)",
					"$(LIBRARY_SEARCH_PATHS_QUOTED_FOR_TARGET_12)",
					"$(LIBRARY_SEARCH_PATHS_QUOTED_FOR_TARGET_13)",
					"$(LIBRARY_SEARCH_PATHS_QUOTED_FOR_TARGET_16)",
					"$(LIBRARY_SEARCH_PATHS_QUOTED_FOR_TARGET_17)",
					"$(LIBRARY_SEARCH_PATHS_QUOTED_FOR_TARGET_18)",
					"$(LIBRARY_SEARCH_PATHS_QUOTED_FOR_TARGET_19)",
					"$(LIBRARY_SEARCH_PATHS_QUOTED_FOR_TARGET_20)",
					"$(LIBRARY_SEARCH_PATHS_QUOTED_FOR_TARGET_21)",
					"$(LIBRARY_SEARCH_PATHS_QUOTED_FOR_TARGET_22)",
					"$(LIBRARY_SEARCH_PATHS_QUOTED_FOR_TARGET_23)",
					"$(LIBRARY_SEARCH_PATHS_QUOTED_FOR_TARGET_24)",
					"$(LIBRARY_SEARCH_PATHS_QUOTED_FOR_TARGET_25)",
					"$(LIBRARY_SEARCH_PATHS_QUOTED_FOR_TARGET_26)",
					"$(LIBRARY_SEARCH_PATHS_QUOTED_FOR_TARGET_27)",
					"$(LIBRARY_SEARCH_PATHS_QUOTED_FOR_TARGET_28)",
					"$(LIBRARY_SEARCH_PATHS_QUOTED_FOR_TARGET_29)",
					"$(LIBRARY_SEARCH_PATHS_QUOTED_FOR_TARGET_30)",
					"$(LIBRARY_SEARCH_PATHS_QUOTED_FOR_TARGET_31)",
					"$(LIBRARY_SEARCH_PATHS_QUOTED_FOR_TARGET_32)",
					"$(LIBRARY_SEARCH_PATHS_QUOTED_FOR_TARGET_33)",
					"$(LIBRARY_SEARCH_PATHS_QUOTED_FOR_TARGET_34)",
					"$(LIBRARY_SEARCH_PATHS_QUOTED_FOR_TARGET_35)",
					"$(LIBRARY_SEARCH_PATHS_QUOTED_FOR_TARGET_36)",
					"$(LIBRARY_SEARCH_PATHS_QUOTED_FOR_TARGET_37)",
					"$(LIBRARY_SEARCH_PATHS_QUOTED_FOR_TARGET_38)",
					"$(LIBRARY_SEARCH_PATHS_QUOTED_FOR_TARGET_39)",
					"$(LIBRARY_SEARCH_PATHS_QUOTED_FOR_TARGET_40)",
					"$(LIBRARY_SEARCH_PATHS_QUOTED_FOR_TARGET_41)",
					"$(LIBRARY_SEARCH_PATHS_QUOTED_FOR_TARGET_42)",
					"$(LIBRARY_SEARCH_PATHS_QUOTED_FOR_TARGET_43)",
					"$(LIBRARY_SEARCH_PATHS_QUOTED_FOR_TARGET_44)",
					"$(LIBRARY_SEARCH_PATHS_QUOTED_FOR_TARGET_45)",
					"$(LIBRARY_SEARCH_PATHS_QUOTED_FOR_TARGET_46)",
					"$(LIBRARY_SEARCH_PATHS_QUOTED_FOR_TARGET_47)",
					"$(LIBRARY_SEARCH_PATHS_QUOTED_FOR_TARGET_48)",
					"$(LIBRARY_SEARCH_PATHS_QUOTED_FOR_TARGET_49)",
					"$(LIBRARY_SEARCH_PATHS_QUOTED_FOR_TARGET_50)",
					"$(LIBRARY_SEARCH_PATHS_QUOTED_FOR_TARGET_51)",
					"$(LIBRARY_SEARCH_PATHS_QUOTED_FOR_TARGET_52)",
					"$(LIBRARY_SEARCH_PATHS_QUOTED_FOR_TARGET_1)",
					"$(LIBRARY_SEARCH_PATHS_QUOTED_FOR_TARGET_2)",
					"$(LIBRARY_SEARCH_PATHS_QUOTED_FOR_TARGET_3)",
					"$(LIBRARY_SEARCH_PATHS_QUOTED_FOR_TARGET_4)",
				);
				LIBRARY_SEARCH_PATHS_QUOTED_FOR_TARGET_1 = "\"$(SRCROOT)/../../../addons/ofxOpenCv/libs/opencv/lib/osx\"";
				LIBRARY_SEARCH_PATHS_QUOTED_FOR_TARGET_2 = "\"$(SRCROOT)/../../../addons/ofxOpenCv/libs\"";
				LIBRARY_SEARCH_PATHS_QUOTED_FOR_TARGET_3 = "\"$(SRCROOT)/../../../addons/ofxOpenCv/libs/opencv/lib/osx\"";
				LIBRARY_SEARCH_PATHS_QUOTED_FOR_TARGET_4 = "\"$(SRCROOT)/addons/ofxOpenCv/libs\"";
				PREBINDING = NO;
				PRODUCT_NAME = "$(TARGET_NAME)Debug";
				WRAPPER_EXTENSION = app;
			};
			name = Debug;
		};
		E4B69B610A3A1757003C02F2 /* Release */ = {
			isa = XCBuildConfiguration;
			buildSettings = {
				COPY_PHASE_STRIP = YES;
				FRAMEWORK_SEARCH_PATHS = (
					"$(inherited)",
					"$(FRAMEWORK_SEARCH_PATHS_QUOTED_FOR_TARGET_1)",
				);
				FRAMEWORK_SEARCH_PATHS_QUOTED_FOR_TARGET_1 = "\"$(SRCROOT)/../../../libs/glut/lib/osx\"";
				GCC_ENABLE_FIX_AND_CONTINUE = NO;
				GCC_GENERATE_DEBUGGING_SYMBOLS = NO;
				GCC_MODEL_TUNING = G4;
				GCC_PRECOMPILE_PREFIX_HEADER = YES;
				GCC_PREFIX_HEADER = "$(SYSTEM_LIBRARY_DIR)/Frameworks/Carbon.framework/Headers/Carbon.h";
				INFOPLIST_FILE = "openFrameworks-Info.plist";
				INSTALL_PATH = "$(HOME)/Applications";
				LIBRARY_SEARCH_PATHS = (
					"$(inherited)",
					"$(LIBRARY_SEARCH_PATHS_QUOTED_FOR_TARGET_1)",
					"$(LIBRARY_SEARCH_PATHS_QUOTED_FOR_TARGET_2)",
					"$(LIBRARY_SEARCH_PATHS_QUOTED_FOR_TARGET_3)",
					"$(LIBRARY_SEARCH_PATHS_QUOTED_FOR_TARGET_4)",
					"$(LIBRARY_SEARCH_PATHS_QUOTED_FOR_TARGET_5)",
					"$(LIBRARY_SEARCH_PATHS_QUOTED_FOR_TARGET_6)",
					"$(LIBRARY_SEARCH_PATHS_QUOTED_FOR_TARGET_7)",
					"$(LIBRARY_SEARCH_PATHS_QUOTED_FOR_TARGET_8)",
					"$(LIBRARY_SEARCH_PATHS_QUOTED_FOR_TARGET_9)",
					"$(LIBRARY_SEARCH_PATHS_QUOTED_FOR_TARGET_10)",
					"$(LIBRARY_SEARCH_PATHS_QUOTED_FOR_TARGET_11)",
					"$(LIBRARY_SEARCH_PATHS_QUOTED_FOR_TARGET_12)",
					"$(LIBRARY_SEARCH_PATHS_QUOTED_FOR_TARGET_13)",
					"$(LIBRARY_SEARCH_PATHS_QUOTED_FOR_TARGET_14)",
					"$(LIBRARY_SEARCH_PATHS_QUOTED_FOR_TARGET_15)",
					"$(LIBRARY_SEARCH_PATHS_QUOTED_FOR_TARGET_2)",
					"$(LIBRARY_SEARCH_PATHS_QUOTED_1)",
					"$(LIBRARY_SEARCH_PATHS_QUOTED_FOR_TARGET_3)",
					"$(LIBRARY_SEARCH_PATHS_QUOTED_FOR_TARGET_7)",
					"$(LIBRARY_SEARCH_PATHS_QUOTED_FOR_TARGET_8)",
					"$(LIBRARY_SEARCH_PATHS_QUOTED_FOR_TARGET_9)",
					"$(LIBRARY_SEARCH_PATHS_QUOTED_FOR_TARGET_10)",
					"$(LIBRARY_SEARCH_PATHS_QUOTED_FOR_TARGET_11)",
					"$(LIBRARY_SEARCH_PATHS_QUOTED_FOR_TARGET_12)",
					"$(LIBRARY_SEARCH_PATHS_QUOTED_FOR_TARGET_13)",
					"$(LIBRARY_SEARCH_PATHS_QUOTED_FOR_TARGET_16)",
					"$(LIBRARY_SEARCH_PATHS_QUOTED_FOR_TARGET_17)",
					"$(LIBRARY_SEARCH_PATHS_QUOTED_FOR_TARGET_18)",
					"$(LIBRARY_SEARCH_PATHS_QUOTED_FOR_TARGET_19)",
					"$(LIBRARY_SEARCH_PATHS_QUOTED_FOR_TARGET_20)",
					"$(LIBRARY_SEARCH_PATHS_QUOTED_FOR_TARGET_21)",
					"$(LIBRARY_SEARCH_PATHS_QUOTED_FOR_TARGET_22)",
					"$(LIBRARY_SEARCH_PATHS_QUOTED_FOR_TARGET_23)",
					"$(LIBRARY_SEARCH_PATHS_QUOTED_FOR_TARGET_24)",
					"$(LIBRARY_SEARCH_PATHS_QUOTED_FOR_TARGET_25)",
					"$(LIBRARY_SEARCH_PATHS_QUOTED_FOR_TARGET_26)",
					"$(LIBRARY_SEARCH_PATHS_QUOTED_FOR_TARGET_27)",
					"$(LIBRARY_SEARCH_PATHS_QUOTED_FOR_TARGET_28)",
					"$(LIBRARY_SEARCH_PATHS_QUOTED_FOR_TARGET_29)",
					"$(LIBRARY_SEARCH_PATHS_QUOTED_FOR_TARGET_30)",
					"$(LIBRARY_SEARCH_PATHS_QUOTED_FOR_TARGET_31)",
					"$(LIBRARY_SEARCH_PATHS_QUOTED_FOR_TARGET_32)",
					"$(LIBRARY_SEARCH_PATHS_QUOTED_FOR_TARGET_33)",
					"$(LIBRARY_SEARCH_PATHS_QUOTED_FOR_TARGET_34)",
					"$(LIBRARY_SEARCH_PATHS_QUOTED_FOR_TARGET_35)",
					"$(LIBRARY_SEARCH_PATHS_QUOTED_FOR_TARGET_36)",
					"$(LIBRARY_SEARCH_PATHS_QUOTED_FOR_TARGET_37)",
					"$(LIBRARY_SEARCH_PATHS_QUOTED_FOR_TARGET_38)",
					"$(LIBRARY_SEARCH_PATHS_QUOTED_FOR_TARGET_39)",
					"$(LIBRARY_SEARCH_PATHS_QUOTED_FOR_TARGET_40)",
					"$(LIBRARY_SEARCH_PATHS_QUOTED_FOR_TARGET_41)",
					"$(LIBRARY_SEARCH_PATHS_QUOTED_FOR_TARGET_42)",
					"$(LIBRARY_SEARCH_PATHS_QUOTED_FOR_TARGET_43)",
					"$(LIBRARY_SEARCH_PATHS_QUOTED_FOR_TARGET_44)",
					"$(LIBRARY_SEARCH_PATHS_QUOTED_FOR_TARGET_45)",
					"$(LIBRARY_SEARCH_PATHS_QUOTED_FOR_TARGET_46)",
					"$(LIBRARY_SEARCH_PATHS_QUOTED_FOR_TARGET_47)",
					"$(LIBRARY_SEARCH_PATHS_QUOTED_FOR_TARGET_48)",
					"$(LIBRARY_SEARCH_PATHS_QUOTED_FOR_TARGET_49)",
					"$(LIBRARY_SEARCH_PATHS_QUOTED_FOR_TARGET_50)",
					"$(LIBRARY_SEARCH_PATHS_QUOTED_FOR_TARGET_51)",
					"$(LIBRARY_SEARCH_PATHS_QUOTED_1)",
					"$(LIBRARY_SEARCH_PATHS_QUOTED_2)",
					"$(LIBRARY_SEARCH_PATHS_QUOTED_3)",
					"$(LIBRARY_SEARCH_PATHS_QUOTED_4)",
				);
				LIBRARY_SEARCH_PATHS_QUOTED_1 = "\"$(SRCROOT)/../../../addons/ofxOpenCv/libs/opencv/lib/osx\"";
				LIBRARY_SEARCH_PATHS_QUOTED_2 = "\"$(SRCROOT)/../../../addons/ofxOpenCv/libs\"";
				LIBRARY_SEARCH_PATHS_QUOTED_3 = "\"$(SRCROOT)/../../../addons/ofxOpenCv/libs/opencv/lib/osx\"";
				LIBRARY_SEARCH_PATHS_QUOTED_4 = "\"$(SRCROOT)/addons/ofxOpenCv/libs\"";
				PREBINDING = NO;
				PRODUCT_NAME = "$(TARGET_NAME)";
				WRAPPER_EXTENSION = app;
			};
			name = Release;
		};
/* End XCBuildConfiguration section */

/* Begin XCConfigurationList section */
		E4B69B4D0A3A1720003C02F2 /* Build configuration list for PBXProject "cvOpenNIcapture" */ = {
			isa = XCConfigurationList;
			buildConfigurations = (
				E4B69B4E0A3A1720003C02F2 /* Debug */,
				E4B69B4F0A3A1720003C02F2 /* Release */,
			);
			defaultConfigurationIsVisible = 0;
			defaultConfigurationName = Release;
		};
		E4B69B5F0A3A1757003C02F2 /* Build configuration list for PBXNativeTarget "emptyExample" */ = {
			isa = XCConfigurationList;
			buildConfigurations = (
				E4B69B600A3A1757003C02F2 /* Debug */,
				E4B69B610A3A1757003C02F2 /* Release */,
			);
			defaultConfigurationIsVisible = 0;
			defaultConfigurationName = Release;
		};
/* End XCConfigurationList section */
	};
	rootObject = E4B69B4C0A3A1720003C02F2 /* Project object */;
}
